
Microsoft Visual Studio Solution File, Format Version 12.00
# Visual Studio Version 16
VisualStudioVersion = 16.0.30717.126
MinimumVisualStudioVersion = 10.0.40219.1
Project("{FAE04EC0-301F-11D3-BF4B-00C04F79EFBC}") = "Lambda-Delegate-LINQ", "Lambda-Delegate-LINQ\Lambda-Delegate-LINQ.csproj", "{3B836F2E-4921-4E86-80BF-4683AF36DBC4}"
EndProject
Project("{2150E333-8FDC-42A3-9474-1A3956D46DE8}") = "Experiencia-Comparison", "Experiencia-Comparison", "{C8C3FFDA-4337-46B9-94FF-8D62C155FB59}"
EndProject
Project("{FAE04EC0-301F-11D3-BF4B-00C04F79EFBC}") = "Comparison", "Comparison\Comparison.csproj", "{E91290E1-6F86-4086-84CA-CC2D4191C3D9}"
EndProject
Project("{2150E333-8FDC-42A3-9474-1A3956D46DE8}") = "Teoria", "Teoria", "{D06A8704-C0FE-490D-A857-0C064C049ED7}"
EndProject
Project("{2150E333-8FDC-42A3-9474-1A3956D46DE8}") = "Delegates", "Delegates", "{4819BB57-044A-4069-B702-D1297D261075}"
EndProject
Project("{FAE04EC0-301F-11D3-BF4B-00C04F79EFBC}") = "Delegate", "Delegate\Delegate.csproj", "{8D6C2EBE-2779-4F30-896B-B1C9674D78EA}"
EndProject
Project("{FAE04EC0-301F-11D3-BF4B-00C04F79EFBC}") = "Multicast-Delegate", "Multicast-Delegate\Multicast-Delegate.csproj", "{94A30148-133D-4CF9-87A3-2B8E01A6B3BF}"
EndProject
Project("{FAE04EC0-301F-11D3-BF4B-00C04F79EFBC}") = "Predicate", "Predicate\Predicate.csproj", "{01760A13-1B52-47DB-A27F-8E92D6FD5711}"
EndProject
Project("{FAE04EC0-301F-11D3-BF4B-00C04F79EFBC}") = "Action", "Action\Action.csproj", "{77A5F56D-DC48-4701-A365-2A2441373D82}"
EndProject
Project("{FAE04EC0-301F-11D3-BF4B-00C04F79EFBC}") = "Func", "Func\Func.csproj", "{D145C490-A206-4FA9-A604-77AAA36E6BDD}"
EndProject
Project("{2150E333-8FDC-42A3-9474-1A3956D46DE8}") = "Intro-LINQ", "Intro-LINQ", "{17CE94FC-66D1-45BF-8422-68E0EF161FA4}"
EndProject
Project("{FAE04EC0-301F-11D3-BF4B-00C04F79EFBC}") = "LINQ-Intro", "LINQ-Intro\LINQ-Intro.csproj", "{509FDD2D-A841-43B0-AC8F-368236716ADD}"
EndProject
Project("{2150E333-8FDC-42A3-9474-1A3956D46DE8}") = "LINQ-Lambda", "LINQ-Lambda", "{7F068514-8A59-4A09-AD47-112088C6562B}"
EndProject
Project("{FAE04EC0-301F-11D3-BF4B-00C04F79EFBC}") = "Lambda-LINQ", "Lambda-LINQ\Lambda-LINQ.csproj", "{BCFD48B4-1F3A-47CD-9AAD-5F5E5DC9DCFA}"
EndProject
Project("{2150E333-8FDC-42A3-9474-1A3956D46DE8}") = "LINQ-Demo-SQL", "LINQ-Demo-SQL", "{C3152FB9-F7DD-4A1E-A1E6-74E86E1213BA}"
EndProject
Project("{FAE04EC0-301F-11D3-BF4B-00C04F79EFBC}") = "Demo-LINQ", "Demo-LINQ\Demo-LINQ.csproj", "{02CEB302-323E-4E14-AD30-87A954C37518}"
EndProject
Project("{2150E333-8FDC-42A3-9474-1A3956D46DE8}") = "LINQ-Exercicio", "LINQ-Exercicio", "{D08053D1-72B8-4123-AE6D-3E86EAE2D950}"
EndProject
Project("{FAE04EC0-301F-11D3-BF4B-00C04F79EFBC}") = "Exercicio-LINQ", "Exercicio-LINQ\Exercicio-LINQ.csproj", "{AE90A7D8-B1DC-4FCD-BC62-1CA04603EDB2}"
EndProject
Global
	GlobalSection(SolutionConfigurationPlatforms) = preSolution
		Debug|Any CPU = Debug|Any CPU
		Release|Any CPU = Release|Any CPU
	EndGlobalSection
	GlobalSection(ProjectConfigurationPlatforms) = postSolution
		{3B836F2E-4921-4E86-80BF-4683AF36DBC4}.Debug|Any CPU.ActiveCfg = Debug|Any CPU
		{3B836F2E-4921-4E86-80BF-4683AF36DBC4}.Debug|Any CPU.Build.0 = Debug|Any CPU
		{3B836F2E-4921-4E86-80BF-4683AF36DBC4}.Release|Any CPU.ActiveCfg = Release|Any CPU
		{3B836F2E-4921-4E86-80BF-4683AF36DBC4}.Release|Any CPU.Build.0 = Release|Any CPU
		{E91290E1-6F86-4086-84CA-CC2D4191C3D9}.Debug|Any CPU.ActiveCfg = Debug|Any CPU
		{E91290E1-6F86-4086-84CA-CC2D4191C3D9}.Debug|Any CPU.Build.0 = Debug|Any CPU
		{E91290E1-6F86-4086-84CA-CC2D4191C3D9}.Release|Any CPU.ActiveCfg = Release|Any CPU
		{E91290E1-6F86-4086-84CA-CC2D4191C3D9}.Release|Any CPU.Build.0 = Release|Any CPU
		{8D6C2EBE-2779-4F30-896B-B1C9674D78EA}.Debug|Any CPU.ActiveCfg = Debug|Any CPU
		{8D6C2EBE-2779-4F30-896B-B1C9674D78EA}.Debug|Any CPU.Build.0 = Debug|Any CPU
		{8D6C2EBE-2779-4F30-896B-B1C9674D78EA}.Release|Any CPU.ActiveCfg = Release|Any CPU
		{8D6C2EBE-2779-4F30-896B-B1C9674D78EA}.Release|Any CPU.Build.0 = Release|Any CPU
		{94A30148-133D-4CF9-87A3-2B8E01A6B3BF}.Debug|Any CPU.ActiveCfg = Debug|Any CPU
		{94A30148-133D-4CF9-87A3-2B8E01A6B3BF}.Debug|Any CPU.Build.0 = Debug|Any CPU
		{94A30148-133D-4CF9-87A3-2B8E01A6B3BF}.Release|Any CPU.ActiveCfg = Release|Any CPU
		{94A30148-133D-4CF9-87A3-2B8E01A6B3BF}.Release|Any CPU.Build.0 = Release|Any CPU
		{01760A13-1B52-47DB-A27F-8E92D6FD5711}.Debug|Any CPU.ActiveCfg = Debug|Any CPU
		{01760A13-1B52-47DB-A27F-8E92D6FD5711}.Debug|Any CPU.Build.0 = Debug|Any CPU
		{01760A13-1B52-47DB-A27F-8E92D6FD5711}.Release|Any CPU.ActiveCfg = Release|Any CPU
		{01760A13-1B52-47DB-A27F-8E92D6FD5711}.Release|Any CPU.Build.0 = Release|Any CPU
		{77A5F56D-DC48-4701-A365-2A2441373D82}.Debug|Any CPU.ActiveCfg = Debug|Any CPU
		{77A5F56D-DC48-4701-A365-2A2441373D82}.Debug|Any CPU.Build.0 = Debug|Any CPU
		{77A5F56D-DC48-4701-A365-2A2441373D82}.Release|Any CPU.ActiveCfg = Release|Any CPU
		{77A5F56D-DC48-4701-A365-2A2441373D82}.Release|Any CPU.Build.0 = Release|Any CPU
		{D145C490-A206-4FA9-A604-77AAA36E6BDD}.Debug|Any CPU.ActiveCfg = Debug|Any CPU
		{D145C490-A206-4FA9-A604-77AAA36E6BDD}.Debug|Any CPU.Build.0 = Debug|Any CPU
		{D145C490-A206-4FA9-A604-77AAA36E6BDD}.Release|Any CPU.ActiveCfg = Release|Any CPU
		{D145C490-A206-4FA9-A604-77AAA36E6BDD}.Release|Any CPU.Build.0 = Release|Any CPU
		{509FDD2D-A841-43B0-AC8F-368236716ADD}.Debug|Any CPU.ActiveCfg = Debug|Any CPU
		{509FDD2D-A841-43B0-AC8F-368236716ADD}.Debug|Any CPU.Build.0 = Debug|Any CPU
		{509FDD2D-A841-43B0-AC8F-368236716ADD}.Release|Any CPU.ActiveCfg = Release|Any CPU
		{509FDD2D-A841-43B0-AC8F-368236716ADD}.Release|Any CPU.Build.0 = Release|Any CPU
		{BCFD48B4-1F3A-47CD-9AAD-5F5E5DC9DCFA}.Debug|Any CPU.ActiveCfg = Debug|Any CPU
		{BCFD48B4-1F3A-47CD-9AAD-5F5E5DC9DCFA}.Debug|Any CPU.Build.0 = Debug|Any CPU
		{BCFD48B4-1F3A-47CD-9AAD-5F5E5DC9DCFA}.Release|Any CPU.ActiveCfg = Release|Any CPU
		{BCFD48B4-1F3A-47CD-9AAD-5F5E5DC9DCFA}.Release|Any CPU.Build.0 = Release|Any CPU
		{02CEB302-323E-4E14-AD30-87A954C37518}.Debug|Any CPU.ActiveCfg = Debug|Any CPU
		{02CEB302-323E-4E14-AD30-87A954C37518}.Debug|Any CPU.Build.0 = Debug|Any CPU
		{02CEB302-323E-4E14-AD30-87A954C37518}.Release|Any CPU.ActiveCfg = Release|Any CPU
		{02CEB302-323E-4E14-AD30-87A954C37518}.Release|Any CPU.Build.0 = Release|Any CPU
		{AE90A7D8-B1DC-4FCD-BC62-1CA04603EDB2}.Debug|Any CPU.ActiveCfg = Debug|Any CPU
		{AE90A7D8-B1DC-4FCD-BC62-1CA04603EDB2}.Debug|Any CPU.Build.0 = Debug|Any CPU
		{AE90A7D8-B1DC-4FCD-BC62-1CA04603EDB2}.Release|Any CPU.ActiveCfg = Release|Any CPU
		{AE90A7D8-B1DC-4FCD-BC62-1CA04603EDB2}.Release|Any CPU.Build.0 = Release|Any CPU
	EndGlobalSection
	GlobalSection(SolutionProperties) = preSolution
		HideSolutionNode = FALSE
	EndGlobalSection
	GlobalSection(NestedProjects) = preSolution
		{3B836F2E-4921-4E86-80BF-4683AF36DBC4} = {D06A8704-C0FE-490D-A857-0C064C049ED7}
		{E91290E1-6F86-4086-84CA-CC2D4191C3D9} = {C8C3FFDA-4337-46B9-94FF-8D62C155FB59}
		{8D6C2EBE-2779-4F30-896B-B1C9674D78EA} = {4819BB57-044A-4069-B702-D1297D261075}
		{94A30148-133D-4CF9-87A3-2B8E01A6B3BF} = {4819BB57-044A-4069-B702-D1297D261075}
		{01760A13-1B52-47DB-A27F-8E92D6FD5711} = {4819BB57-044A-4069-B702-D1297D261075}
		{77A5F56D-DC48-4701-A365-2A2441373D82} = {4819BB57-044A-4069-B702-D1297D261075}
		{D145C490-A206-4FA9-A604-77AAA36E6BDD} = {4819BB57-044A-4069-B702-D1297D261075}
		{509FDD2D-A841-43B0-AC8F-368236716ADD} = {17CE94FC-66D1-45BF-8422-68E0EF161FA4}
		{BCFD48B4-1F3A-47CD-9AAD-5F5E5DC9DCFA} = {7F068514-8A59-4A09-AD47-112088C6562B}
		{02CEB302-323E-4E14-AD30-87A954C37518} = {C3152FB9-F7DD-4A1E-A1E6-74E86E1213BA}
		{AE90A7D8-B1DC-4FCD-BC62-1CA04603EDB2} = {D08053D1-72B8-4123-AE6D-3E86EAE2D950}
	EndGlobalSection
	GlobalSection(ExtensibilityGlobals) = postSolution
		SolutionGuid = {2F2E31FA-344A-47EE-A63B-D6C6A56BA76C}
	EndGlobalSection
EndGlobal
